{
  "schema": 1,
  "bluefile_b3": "b3:5d02e72f4d3a33374159986a4127ded340a127195a29662700130681eae4c389",
  "manifest": {
    "schema": 1,
    "name": "rittai",
    "version": "0.1.1",
    "needs": {
      "gyouretsu": "^0.1.0",
      "junjo": "^0.1.0",
      "kazu": "^0.1.0",
      "kikagaku": "^0.1.0",
      "retsu": "^0.1.0"
    },
    "when": "anytime",
    "sources": {},
    "packages": [],
    "runs": {},
    "tools": [],
    "checks": {},
    "apps": {},
    "catalog": null
  },
  "sources": {}
}
