{
  "schema": 1,
  "bluefile_b3": "b3:5ae003efcdbfe12736db8e77a459be3f7c407a0ef1b89af39cb29d40eea1aeba",
  "manifest": {
    "schema": 1,
    "name": "shinsuu",
    "version": "0.1.0",
    "needs": {
      "retsu": "^0.1.0"
    },
    "when": "anytime",
    "sources": {},
    "packages": [],
    "runs": {},
    "tools": [],
    "checks": {},
    "apps": {},
    "catalog": null
  },
  "sources": {}
}
