{
  "schema": 1,
  "bluefile_b3": "b3:46c31269802c5a59bf5cc288a7963942a17d58d06bf64cf062b8517b8d294a90",
  "manifest": {
    "schema": 1,
    "name": "shinsuu",
    "version": "0.1.0",
    "needs": {
      "kazu": "^0.1.0",
      "retsu": "^0.1.0"
    },
    "when": "anytime",
    "sources": {},
    "packages": [],
    "runs": {},
    "tools": [],
    "checks": {},
    "apps": {},
    "catalog": null
  },
  "sources": {}
}
