{
  "schema": 1,
  "bluefile_b3": "b3:c1b83ef4c63eb092a3417dce90f0abd130a1c79e111780dfd890087b0cf7c951",
  "manifest": {
    "schema": 1,
    "name": "zumen",
    "version": "0.1.1",
    "needs": {
      "gyouretsu": "^0.1.0",
      "kazu": "^0.1.0",
      "kikagaku": "^0.1.0",
      "moji": "^0.1.0",
      "retsu": "^0.1.0",
      "rittai": "^0.1.0",
      "ronri": "^0.1.0"
    },
    "when": "anytime",
    "sources": {},
    "packages": [],
    "runs": {},
    "tools": [],
    "checks": {},
    "apps": {},
    "catalog": null
  },
  "sources": {}
}
