{
  "schema": 1,
  "bluefile_b3": "b3:1d5d57b7194257e9f69884e258f91bffd128187e26078f273d62adfa27395e57",
  "manifest": {
    "schema": 1,
    "name": "zumen",
    "version": "0.1.0",
    "needs": {
      "gyouretsu": "^0.1.0",
      "kazu": "^0.1.0",
      "kikagaku": "^0.1.0",
      "moji": "^0.1.0",
      "retsu": "^0.1.0",
      "rittai": "^0.1.0",
      "ronri": "^0.1.0"
    },
    "when": "anytime",
    "sources": {},
    "packages": [],
    "runs": {},
    "tools": [],
    "checks": {},
    "apps": {},
    "catalog": null
  },
  "sources": {}
}
