{
  "schema": 1,
  "bluefile_b3": "b3:76248187d4c574db8a6635754e024210be1a551cf7202e737ed51ec93291b6a5",
  "manifest": {
    "schema": 1,
    "name": "nisshi",
    "version": "0.1.1",
    "needs": {
      "deeta": "^0.1.0",
      "junjo": "^0.1.0",
      "raifusaikuru": "^0.1.0",
      "retsu": "^0.1.0",
      "shomei": "^0.1.0",
      "shuugou": "^0.1.0"
    },
    "when": "anytime",
    "sources": {},
    "packages": [],
    "runs": {},
    "tools": [],
    "checks": {},
    "apps": {},
    "catalog": null
  },
  "sources": {}
}
