{
  "schema": 1,
  "bluefile_b3": "b3:a98c29eb97f03c49385b5d844870c827c198a7c8a3f3d246704937e1bc02e8d3",
  "manifest": {
    "schema": 1,
    "name": "deeta",
    "version": "0.1.1",
    "needs": {},
    "when": "anytime",
    "sources": {},
    "packages": [],
    "runs": {},
    "tools": [],
    "checks": {},
    "apps": {},
    "catalog": null
  },
  "sources": {}
}
