{
  "schema": 1,
  "bluefile_b3": "b3:f9832f0ada2d0e773e90e4f1232d8b076b277faa15f41e1f11859da656ee8c10",
  "manifest": {
    "schema": 1,
    "name": "blue-repository",
    "version": "1.0.0",
    "needs": {},
    "when": "anytime",
    "sources": {},
    "packages": [
      "bidamas"
    ],
    "runs": {},
    "tools": [
      "duckdb"
    ],
    "checks": {},
    "apps": {},
    "catalog": "bidamas/CATALOG.md",
    "generated": {
      "kigou-tables": {
        "output": "crates/blue-lang-syntax/src/kigou/tables.rs",
        "program": "crates/blue-lang-syntax/gen/kigou.b"
      }
    }
  },
  "sources": {}
}
