{
  "schema": 1,
  "bluefile_b3": "b3:b4a2b3e1f2a5c3e4b213282e2197560b1ada78c489d5505d8ac5393352ea7d55",
  "manifest": {
    "schema": 1,
    "name": "blue-repository",
    "version": "1.0.0",
    "needs": {},
    "when": "anytime",
    "sources": {},
    "packages": [
      "bidamas"
    ],
    "runs": {},
    "tools": [
      "duckdb",
      "openssh"
    ],
    "checks": {
      "okite-laws": {
        "file": "gen/okite-laws.b"
      }
    },
    "apps": {},
    "catalog": "bidamas/CATALOG.md",
    "generated": {
      "examples": {
        "output": "docs/EXAMPLES.md",
        "program": "gen/examples.b",
        "inputs": [
          "examples"
        ]
      },
      "kigou-tables": {
        "output": "crates/blue-lang-syntax/src/kigou/tables.rs",
        "program": "crates/blue-lang-syntax/gen/kigou.b"
      },
      "okite-rules": {
        "output": "bidamas/okite/RULES.md",
        "program": "gen/okite-rules.b"
      },
      "reference": {
        "output": "docs/REFERENCE.md",
        "program": "gen/reference.b",
        "inputs": [
          "bidamas"
        ]
      }
    }
  },
  "sources": {}
}
