{
  "schema": 1,
  "bluefile_b3": "b3:388568674e6c097c57241bd3e3f8ad490c45ca03578a08d6d5101480b870b5db",
  "manifest": {
    "schema": 1,
    "name": "seimei",
    "version": "0.1.0",
    "needs": {
      "retsu": "^0.1.0"
    },
    "when": "anytime",
    "sources": {},
    "packages": [],
    "runs": {},
    "tools": [],
    "checks": {},
    "apps": {},
    "catalog": null
  },
  "sources": {}
}
