{
  "schema": 1,
  "bluefile_b3": "b3:0d26d8a63f24209384b664b78b27972c2d5476c2dd755eb5a35885f6f62531c0",
  "manifest": {
    "schema": 1,
    "name": "kyohi",
    "version": "0.1.0",
    "needs": {
      "retsu": "^0.1.0"
    },
    "when": "anytime",
    "sources": {},
    "packages": [],
    "runs": {},
    "tools": [],
    "checks": {},
    "apps": {},
    "catalog": null
  },
  "sources": {}
}
