{
  "schema": 1,
  "bluefile_b3": "b3:bb6ada9d9f6c1ca18d347e519db05e37ba2882139d8aefb70af14b73c833136f",
  "manifest": {
    "schema": 1,
    "name": "kakou",
    "version": "0.1.1",
    "needs": {
      "gyouretsu": "^0.1.0",
      "kazu": "^0.1.0",
      "kikagaku": "^0.1.0",
      "retsu": "^0.1.0",
      "rittai": "^0.1.0",
      "zumen": "^0.1.0"
    },
    "when": "anytime",
    "sources": {},
    "packages": [],
    "runs": {},
    "tools": [],
    "checks": {},
    "apps": {},
    "catalog": null
  },
  "sources": {}
}
