{
  "schema": 1,
  "bluefile_b3": "b3:989a74c0c3ff8a45557074d1b421d6a14f6802027922ce09ce7e2e3d16f4f764",
  "manifest": {
    "schema": 1,
    "name": "kakou",
    "version": "0.1.0",
    "needs": {
      "gyouretsu": "^0.1.0",
      "kazu": "^0.1.0",
      "kikagaku": "^0.1.0",
      "retsu": "^0.1.0",
      "rittai": "^0.1.0",
      "zumen": "^0.1.0"
    },
    "when": "anytime",
    "sources": {},
    "packages": [],
    "runs": {},
    "tools": [],
    "checks": {},
    "apps": {},
    "catalog": null
  },
  "sources": {}
}
