{
  "schema": 1,
  "bluefile_b3": "b3:b009609bd9e97851f3929a92051215646e8e2a531826f82eeb2806924a64e3e0",
  "manifest": {
    "schema": 1,
    "name": "ronri",
    "version": "0.1.0",
    "needs": {
      "kansuu": "^0.1.0",
      "kazu": "^0.1.0",
      "retsu": "^0.1.0"
    },
    "when": "anytime",
    "sources": {},
    "packages": [],
    "runs": {},
    "tools": [],
    "checks": {},
    "apps": {},
    "catalog": null
  },
  "sources": {}
}
