{
  "schema": 1,
  "bluefile_b3": "b3:f98723b5bc61299d1ebc9c3abb1a4d5a8b6ff55f1e2f2398eb455c160ed9fa80",
  "manifest": {
    "schema": 1,
    "name": "chokkan",
    "version": "0.1.0",
    "needs": {
      "deeta": "^0.1.0",
      "kyohi": "^0.1.0",
      "moji": "^0.1.0",
      "retsu": "^0.1.0"
    },
    "when": "anytime",
    "sources": {},
    "packages": [],
    "runs": {},
    "tools": [],
    "checks": {},
    "apps": {},
    "catalog": null
  },
  "sources": {}
}
