{
  "schema": 1,
  "bluefile_b3": "b3:f44b64594093f85107105dbb9eff538fc3e28792b164b718d743672436765c96",
  "manifest": {
    "schema": 1,
    "name": "souji",
    "version": "0.1.0",
    "needs": {
      "retsu": "^0.1.0",
      "shisutemu": "^0.1.0"
    },
    "when": "anytime",
    "sources": {},
    "packages": [],
    "runs": {},
    "tools": [],
    "checks": {},
    "apps": {},
    "catalog": null
  },
  "sources": {}
}
