{
  "schema": 1,
  "bluefile_b3": "b3:29d3b2627b7df927216eb82acfa24b3be91eb503d47a153affedaacd5001e52e",
  "manifest": {
    "schema": 1,
    "name": "moji",
    "version": "0.1.0",
    "needs": {
      "retsu": "^0.1.0"
    },
    "when": "anytime",
    "sources": {},
    "packages": [],
    "runs": {},
    "tools": [],
    "checks": {},
    "apps": {},
    "catalog": null
  },
  "sources": {}
}
