{
  "schema": 1,
  "bluefile_b3": "b3:670b0388b6dac55d71f25e67f6a23c526da69012ad900fdf8447e27c74349f8c",
  "manifest": {
    "schema": 1,
    "name": "moji",
    "version": "0.1.0",
    "needs": {
      "kazu": "^0.1.0",
      "retsu": "^0.1.0"
    },
    "when": "anytime",
    "sources": {},
    "packages": [],
    "runs": {},
    "tools": [],
    "checks": {},
    "apps": {},
    "catalog": null
  },
  "sources": {}
}
