{
  "schema": 1,
  "bluefile_b3": "b3:fd00dc101a0b4e6c18bd4f7223b19ee9bb199e0f7902df686c1062bd847f478a",
  "manifest": {
    "schema": 1,
    "name": "blue-examples",
    "version": "1.0.0",
    "needs": {},
    "when": "anytime",
    "sources": {},
    "packages": [
      "bidamas"
    ],
    "runs": {},
    "tools": [],
    "checks": {
      "data": {
        "file": "02_data.b"
      },
      "errors": {
        "file": "05_errors.b"
      },
      "files": {
        "file": "01_files.b"
      },
      "lists-and-maps": {
        "file": "03_lists_and_maps.b"
      },
      "network": {
        "file": "11_network.b"
      },
      "processes": {
        "file": "09_processes.b"
      },
      "rust-primitive": {
        "file": "07_rust_primitive.b"
      },
      "strings": {
        "file": "04_strings.b"
      },
      "tatara-forms": {
        "file": "08_tatara_forms.b"
      },
      "testing": {
        "file": "06_testing.b"
      },
      "using-a-bidama": {
        "file": "10_using_a_bidama.b"
      }
    },
    "apps": {},
    "catalog": null
  },
  "sources": {}
}
