{
  "schema": 1,
  "bluefile_b3": "b3:25f3a68f3203de13f1b8aa0fd013e4d8a64d65c614ba37b0815b88b47507d472",
  "manifest": {
    "schema": 1,
    "name": "shomei",
    "version": "0.1.0",
    "needs": {
      "kazu": "^0.1.0",
      "retsu": "^0.1.0"
    },
    "when": "anytime",
    "sources": {},
    "packages": [],
    "runs": {},
    "tools": [],
    "checks": {},
    "apps": {},
    "catalog": null
  },
  "sources": {}
}
