{
  "schema": 1,
  "bluefile_b3": "b3:fda44f1a1b46976ae2c7ac28c0f3f6e8d94a7cd5bad3df0b5bb40cbb3c9291bd",
  "manifest": {
    "schema": 1,
    "name": "zenbu",
    "version": "0.1.0",
    "needs": {
      "anaritikusu": "^0.1.0",
      "angou": "^0.1.0",
      "deeta": "^0.1.0",
      "gyouretsu": "^0.1.0",
      "heni": "^0.1.0",
      "hizuke": "^0.1.0",
      "junjo": "^0.1.0",
      "kakou": "^0.1.0",
      "kansuu": "^0.1.0",
      "kazu": "^0.1.0",
      "kikagaku": "^0.1.0",
      "kinji": "^0.1.0",
      "kueri": "^0.1.0",
      "kumiawase": "^0.1.0",
      "kyohi": "^0.1.0",
      "moji": "^0.1.0",
      "mokuroku": "^0.1.0",
      "nisshi": "^0.1.0",
      "okite": "^0.1.0",
      "ongaku": "^0.1.0",
      "raifusaikuru": "^0.1.0",
      "ran": "^0.1.0",
      "retsu": "^0.1.0",
      "rittai": "^0.1.0",
      "ronri": "^0.1.0",
      "ryouiki": "^0.1.0",
      "sabi": "^0.1.0",
      "seimei": "^0.1.0",
      "shinsuu": "^0.1.0",
      "shisutemu": "^0.1.0",
      "shomei": "^0.1.0",
      "shuugou": "^0.1.0",
      "souji": "^0.1.0",
      "tehai": "^0.1.0",
      "tokumei": "^0.1.0",
      "toukei": "^0.1.0",
      "ukai": "^0.1.0",
      "zumen": "^0.1.0"
    },
    "when": "anytime",
    "sources": {},
    "packages": [],
    "runs": {},
    "tools": [],
    "checks": {},
    "apps": {},
    "catalog": null
  },
  "sources": {}
}
