{
  "schema": 1,
  "bluefile_b3": "b3:d17e3e0d329be3aded86ffb5bc840919d04ea7df5f8595616aa38aaf0457e35a",
  "manifest": {
    "schema": 1,
    "name": "heni",
    "version": "0.1.1",
    "needs": {
      "deeta": "^0.1.0",
      "moji": "^0.1.0",
      "retsu": "^0.1.0",
      "shisutemu": "^0.1.0"
    },
    "when": "anytime",
    "sources": {},
    "packages": [],
    "runs": {},
    "tools": [],
    "checks": {},
    "apps": {},
    "catalog": null
  },
  "sources": {}
}
