{
  "schema": 1,
  "bluefile_b3": "b3:26ae72b783a8ff8311aaa25ceb957fa43e0b2ebf93cc008494689e4ca13652c5",
  "manifest": {
    "schema": 1,
    "name": "heni",
    "version": "0.1.0",
    "needs": {
      "deeta": "^0.1.0",
      "moji": "^0.1.0",
      "retsu": "^0.1.0",
      "shisutemu": "^0.1.0"
    },
    "when": "anytime",
    "sources": {},
    "packages": [],
    "runs": {},
    "tools": [],
    "checks": {},
    "apps": {},
    "catalog": null
  },
  "sources": {}
}
