{
  "schema": 1,
  "bluefile_b3": "b3:9c2395255efd3f32f58c6b983c8058d515313e69ebf7e9cbd3131c1cce531a23",
  "manifest": {
    "schema": 1,
    "name": "okite",
    "version": "0.1.0",
    "needs": {
      "moji": "^0.1.0",
      "ran": "^0.1.0",
      "retsu": "^0.1.0"
    },
    "when": "anytime",
    "sources": {},
    "packages": [],
    "runs": {},
    "tools": [],
    "checks": {},
    "apps": {},
    "catalog": null
  },
  "sources": {}
}
