{
  "schema": 1,
  "bluefile_b3": "b3:c86c5a1697d722786240df6c4582ebc512d53a7b3beeae15843c650e505a9593",
  "manifest": {
    "schema": 1,
    "name": "okite",
    "version": "0.1.1",
    "needs": {
      "junjo": "^0.1.0",
      "moji": "^0.1.0",
      "ran": "^0.1.0",
      "retsu": "^0.1.0"
    },
    "when": "anytime",
    "sources": {},
    "packages": [],
    "runs": {},
    "tools": [],
    "checks": {},
    "apps": {},
    "catalog": null
  },
  "sources": {}
}
