{
  "schema": 1,
  "bluefile_b3": "b3:89fc3dbdd923151f72ffcc71563522b1e7c635a983295614659af586429c3210",
  "manifest": {
    "schema": 1,
    "name": "kinji",
    "version": "0.1.1",
    "needs": {
      "gyouretsu": "^0.1.0",
      "junjo": "^0.1.0",
      "kazu": "^0.1.0",
      "retsu": "^0.1.0"
    },
    "when": "anytime",
    "sources": {},
    "packages": [],
    "runs": {},
    "tools": [],
    "checks": {},
    "apps": {},
    "catalog": null
  },
  "sources": {}
}
