{
  "schema": 1,
  "bluefile_b3": "b3:104e4d00603c1332fde5f76487c55ec8c2af72f7ff4a90cd5103307efecc7c53",
  "manifest": {
    "schema": 1,
    "name": "kinji",
    "version": "0.1.0",
    "needs": {
      "gyouretsu": "^0.1.0",
      "junjo": "^0.1.0",
      "kazu": "^0.1.0",
      "retsu": "^0.1.0"
    },
    "when": "anytime",
    "sources": {},
    "packages": [],
    "runs": {},
    "tools": [],
    "checks": {},
    "apps": {},
    "catalog": null
  },
  "sources": {}
}
