{
  "schema": 1,
  "bluefile_b3": "b3:d06ef63ce8c481403734d1846b81cf1b8953acfa4b4801851fae8f4e99fdb686",
  "manifest": {
    "schema": 1,
    "name": "tokumei",
    "version": "0.1.0",
    "needs": {
      "kazu": "^0.1.0",
      "ran": "^0.1.0",
      "retsu": "^0.1.0",
      "toukei": "^0.1.0"
    },
    "when": "anytime",
    "sources": {},
    "packages": [],
    "runs": {},
    "tools": [],
    "checks": {},
    "apps": {},
    "catalog": null
  },
  "sources": {}
}
