{
  "schema": 1,
  "bluefile_b3": "b3:aff30e3c861fd0357f2f1510a70c5888d5702e735794549c7808f45b875c9747",
  "manifest": {
    "schema": 1,
    "name": "fixture",
    "version": "0.1.0",
    "needs": {},
    "when": "anytime",
    "sources": {},
    "packages": [],
    "runs": {},
    "tools": [],
    "checks": {},
    "apps": {},
    "catalog": null
  },
  "sources": {}
}
