{
  "schema": 1,
  "bluefile_b3": "b3:74b4393abed26493e600d35646f24b5006011eb2531cad85bf7835295968071d",
  "manifest": {
    "schema": 1,
    "name": "junjo",
    "version": "0.1.0",
    "needs": {
      "kazu": "^0.1.0",
      "retsu": "^0.1.0",
      "ronri": "^0.1.0"
    },
    "when": "anytime",
    "sources": {},
    "packages": [],
    "runs": {},
    "tools": [],
    "checks": {},
    "apps": {},
    "catalog": null
  },
  "sources": {}
}
