{
  "schema": 1,
  "bluefile_b3": "b3:49fb8b7d67288bcbcd2348d48cc1a21be02e1b55cec612e5b9ee29660660e51e",
  "manifest": {
    "schema": 1,
    "name": "angou",
    "version": "0.1.0",
    "needs": {
      "retsu": "^0.1.0"
    },
    "when": "anytime",
    "sources": {},
    "packages": [],
    "runs": {},
    "tools": [],
    "checks": {},
    "apps": {},
    "catalog": null
  },
  "sources": {}
}
