{
  "schema": 1,
  "bluefile_b3": "b3:b325274b7fc228a30e6d9583cb07d965f2922bc3f35369724d37497f6c007199",
  "manifest": {
    "schema": 1,
    "name": "angou",
    "version": "0.1.0",
    "needs": {
      "kazu": "^0.1.0",
      "retsu": "^0.1.0"
    },
    "when": "anytime",
    "sources": {},
    "packages": [],
    "runs": {},
    "tools": [],
    "checks": {},
    "apps": {},
    "catalog": null
  },
  "sources": {}
}
