{
  "schema": 1,
  "bluefile_b3": "b3:f16f404ed3fc295dbb69903caff1e893cd9cae5ed3f3cb7b172d5aaf52c466b1",
  "manifest": {
    "schema": 1,
    "name": "sabi",
    "version": "0.1.0",
    "needs": {
      "retsu": "^0.1.0"
    },
    "when": "anytime",
    "sources": {},
    "packages": [],
    "runs": {},
    "tools": [],
    "checks": {},
    "apps": {},
    "catalog": null
  },
  "sources": {}
}
